
Microsoft Visual Studio Solution File, Format Version 12.00
# Visual Studio 15
VisualStudioVersion = 15.0.26124.0
MinimumVisualStudioVersion = 15.0.26124.0
Project("{FAE04EC0-301F-11D3-BF4B-00C04F79EFBC}") = "ToeicOnline", "mvcMovie\ToeicOnline.csproj", "{0F4ABB11-A8B3-4C78-B20A-C2ED7EF9FEC7}"
EndProject
Project("{FAE04EC0-301F-11D3-BF4B-00C04F79EFBC}") = "Application", "Application\Application.csproj", "{27EB7245-7411-479E-ACA6-E7BF2E4B801E}"
EndProject
Project("{FAE04EC0-301F-11D3-BF4B-00C04F79EFBC}") = "Domain", "Domain\Domain.csproj", "{4691225E-03D4-44E7-A5BD-8D185CC43AFA}"
EndProject
Project("{FAE04EC0-301F-11D3-BF4B-00C04F79EFBC}") = "Infrastructure", "Infrastructure\Infrastructure.csproj", "{6F440452-48C3-4F58-90EB-CEA027F73A7D}"
EndProject
Project("{FAE04EC0-301F-11D3-BF4B-00C04F79EFBC}") = "API", "API\API.csproj", "{529AD1AD-A62C-47F5-BA2B-181218C1B456}"
EndProject
Project("{FAE04EC0-301F-11D3-BF4B-00C04F79EFBC}") = "ToeicOnlineAdminApp", "ToeicOnlineAdminApp\ToeicOnlineAdminApp.csproj", "{3C695FE3-4F6D-49C6-8927-D9F6F043B37C}"
EndProject
Global
	GlobalSection(SolutionConfigurationPlatforms) = preSolution
		Debug|Any CPU = Debug|Any CPU
		Debug|x64 = Debug|x64
		Debug|x86 = Debug|x86
		Release|Any CPU = Release|Any CPU
		Release|x64 = Release|x64
		Release|x86 = Release|x86
	EndGlobalSection
	GlobalSection(SolutionProperties) = preSolution
		HideSolutionNode = FALSE
	EndGlobalSection
	GlobalSection(ProjectConfigurationPlatforms) = postSolution
		{0F4ABB11-A8B3-4C78-B20A-C2ED7EF9FEC7}.Debug|Any CPU.ActiveCfg = Debug|Any CPU
		{0F4ABB11-A8B3-4C78-B20A-C2ED7EF9FEC7}.Debug|Any CPU.Build.0 = Debug|Any CPU
		{0F4ABB11-A8B3-4C78-B20A-C2ED7EF9FEC7}.Debug|x64.ActiveCfg = Debug|Any CPU
		{0F4ABB11-A8B3-4C78-B20A-C2ED7EF9FEC7}.Debug|x64.Build.0 = Debug|Any CPU
		{0F4ABB11-A8B3-4C78-B20A-C2ED7EF9FEC7}.Debug|x86.ActiveCfg = Debug|Any CPU
		{0F4ABB11-A8B3-4C78-B20A-C2ED7EF9FEC7}.Debug|x86.Build.0 = Debug|Any CPU
		{0F4ABB11-A8B3-4C78-B20A-C2ED7EF9FEC7}.Release|Any CPU.ActiveCfg = Release|Any CPU
		{0F4ABB11-A8B3-4C78-B20A-C2ED7EF9FEC7}.Release|Any CPU.Build.0 = Release|Any CPU
		{0F4ABB11-A8B3-4C78-B20A-C2ED7EF9FEC7}.Release|x64.ActiveCfg = Release|Any CPU
		{0F4ABB11-A8B3-4C78-B20A-C2ED7EF9FEC7}.Release|x64.Build.0 = Release|Any CPU
		{0F4ABB11-A8B3-4C78-B20A-C2ED7EF9FEC7}.Release|x86.ActiveCfg = Release|Any CPU
		{0F4ABB11-A8B3-4C78-B20A-C2ED7EF9FEC7}.Release|x86.Build.0 = Release|Any CPU
		{27EB7245-7411-479E-ACA6-E7BF2E4B801E}.Debug|Any CPU.ActiveCfg = Debug|Any CPU
		{27EB7245-7411-479E-ACA6-E7BF2E4B801E}.Debug|Any CPU.Build.0 = Debug|Any CPU
		{27EB7245-7411-479E-ACA6-E7BF2E4B801E}.Debug|x64.ActiveCfg = Debug|Any CPU
		{27EB7245-7411-479E-ACA6-E7BF2E4B801E}.Debug|x64.Build.0 = Debug|Any CPU
		{27EB7245-7411-479E-ACA6-E7BF2E4B801E}.Debug|x86.ActiveCfg = Debug|Any CPU
		{27EB7245-7411-479E-ACA6-E7BF2E4B801E}.Debug|x86.Build.0 = Debug|Any CPU
		{27EB7245-7411-479E-ACA6-E7BF2E4B801E}.Release|Any CPU.ActiveCfg = Release|Any CPU
		{27EB7245-7411-479E-ACA6-E7BF2E4B801E}.Release|Any CPU.Build.0 = Release|Any CPU
		{27EB7245-7411-479E-ACA6-E7BF2E4B801E}.Release|x64.ActiveCfg = Release|Any CPU
		{27EB7245-7411-479E-ACA6-E7BF2E4B801E}.Release|x64.Build.0 = Release|Any CPU
		{27EB7245-7411-479E-ACA6-E7BF2E4B801E}.Release|x86.ActiveCfg = Release|Any CPU
		{27EB7245-7411-479E-ACA6-E7BF2E4B801E}.Release|x86.Build.0 = Release|Any CPU
		{4691225E-03D4-44E7-A5BD-8D185CC43AFA}.Debug|Any CPU.ActiveCfg = Debug|Any CPU
		{4691225E-03D4-44E7-A5BD-8D185CC43AFA}.Debug|Any CPU.Build.0 = Debug|Any CPU
		{4691225E-03D4-44E7-A5BD-8D185CC43AFA}.Debug|x64.ActiveCfg = Debug|Any CPU
		{4691225E-03D4-44E7-A5BD-8D185CC43AFA}.Debug|x64.Build.0 = Debug|Any CPU
		{4691225E-03D4-44E7-A5BD-8D185CC43AFA}.Debug|x86.ActiveCfg = Debug|Any CPU
		{4691225E-03D4-44E7-A5BD-8D185CC43AFA}.Debug|x86.Build.0 = Debug|Any CPU
		{4691225E-03D4-44E7-A5BD-8D185CC43AFA}.Release|Any CPU.ActiveCfg = Release|Any CPU
		{4691225E-03D4-44E7-A5BD-8D185CC43AFA}.Release|Any CPU.Build.0 = Release|Any CPU
		{4691225E-03D4-44E7-A5BD-8D185CC43AFA}.Release|x64.ActiveCfg = Release|Any CPU
		{4691225E-03D4-44E7-A5BD-8D185CC43AFA}.Release|x64.Build.0 = Release|Any CPU
		{4691225E-03D4-44E7-A5BD-8D185CC43AFA}.Release|x86.ActiveCfg = Release|Any CPU
		{4691225E-03D4-44E7-A5BD-8D185CC43AFA}.Release|x86.Build.0 = Release|Any CPU
		{6F440452-48C3-4F58-90EB-CEA027F73A7D}.Debug|Any CPU.ActiveCfg = Debug|Any CPU
		{6F440452-48C3-4F58-90EB-CEA027F73A7D}.Debug|Any CPU.Build.0 = Debug|Any CPU
		{6F440452-48C3-4F58-90EB-CEA027F73A7D}.Debug|x64.ActiveCfg = Debug|Any CPU
		{6F440452-48C3-4F58-90EB-CEA027F73A7D}.Debug|x64.Build.0 = Debug|Any CPU
		{6F440452-48C3-4F58-90EB-CEA027F73A7D}.Debug|x86.ActiveCfg = Debug|Any CPU
		{6F440452-48C3-4F58-90EB-CEA027F73A7D}.Debug|x86.Build.0 = Debug|Any CPU
		{6F440452-48C3-4F58-90EB-CEA027F73A7D}.Release|Any CPU.ActiveCfg = Release|Any CPU
		{6F440452-48C3-4F58-90EB-CEA027F73A7D}.Release|Any CPU.Build.0 = Release|Any CPU
		{6F440452-48C3-4F58-90EB-CEA027F73A7D}.Release|x64.ActiveCfg = Release|Any CPU
		{6F440452-48C3-4F58-90EB-CEA027F73A7D}.Release|x64.Build.0 = Release|Any CPU
		{6F440452-48C3-4F58-90EB-CEA027F73A7D}.Release|x86.ActiveCfg = Release|Any CPU
		{6F440452-48C3-4F58-90EB-CEA027F73A7D}.Release|x86.Build.0 = Release|Any CPU
		{529AD1AD-A62C-47F5-BA2B-181218C1B456}.Debug|Any CPU.ActiveCfg = Debug|Any CPU
		{529AD1AD-A62C-47F5-BA2B-181218C1B456}.Debug|Any CPU.Build.0 = Debug|Any CPU
		{529AD1AD-A62C-47F5-BA2B-181218C1B456}.Debug|x64.ActiveCfg = Debug|Any CPU
		{529AD1AD-A62C-47F5-BA2B-181218C1B456}.Debug|x64.Build.0 = Debug|Any CPU
		{529AD1AD-A62C-47F5-BA2B-181218C1B456}.Debug|x86.ActiveCfg = Debug|Any CPU
		{529AD1AD-A62C-47F5-BA2B-181218C1B456}.Debug|x86.Build.0 = Debug|Any CPU
		{529AD1AD-A62C-47F5-BA2B-181218C1B456}.Release|Any CPU.ActiveCfg = Release|Any CPU
		{529AD1AD-A62C-47F5-BA2B-181218C1B456}.Release|Any CPU.Build.0 = Release|Any CPU
		{529AD1AD-A62C-47F5-BA2B-181218C1B456}.Release|x64.ActiveCfg = Release|Any CPU
		{529AD1AD-A62C-47F5-BA2B-181218C1B456}.Release|x64.Build.0 = Release|Any CPU
		{529AD1AD-A62C-47F5-BA2B-181218C1B456}.Release|x86.ActiveCfg = Release|Any CPU
		{529AD1AD-A62C-47F5-BA2B-181218C1B456}.Release|x86.Build.0 = Release|Any CPU
		{3C695FE3-4F6D-49C6-8927-D9F6F043B37C}.Debug|Any CPU.ActiveCfg = Debug|Any CPU
		{3C695FE3-4F6D-49C6-8927-D9F6F043B37C}.Debug|Any CPU.Build.0 = Debug|Any CPU
		{3C695FE3-4F6D-49C6-8927-D9F6F043B37C}.Debug|x64.ActiveCfg = Debug|Any CPU
		{3C695FE3-4F6D-49C6-8927-D9F6F043B37C}.Debug|x64.Build.0 = Debug|Any CPU
		{3C695FE3-4F6D-49C6-8927-D9F6F043B37C}.Debug|x86.ActiveCfg = Debug|Any CPU
		{3C695FE3-4F6D-49C6-8927-D9F6F043B37C}.Debug|x86.Build.0 = Debug|Any CPU
		{3C695FE3-4F6D-49C6-8927-D9F6F043B37C}.Release|Any CPU.ActiveCfg = Release|Any CPU
		{3C695FE3-4F6D-49C6-8927-D9F6F043B37C}.Release|Any CPU.Build.0 = Release|Any CPU
		{3C695FE3-4F6D-49C6-8927-D9F6F043B37C}.Release|x64.ActiveCfg = Release|Any CPU
		{3C695FE3-4F6D-49C6-8927-D9F6F043B37C}.Release|x64.Build.0 = Release|Any CPU
		{3C695FE3-4F6D-49C6-8927-D9F6F043B37C}.Release|x86.ActiveCfg = Release|Any CPU
		{3C695FE3-4F6D-49C6-8927-D9F6F043B37C}.Release|x86.Build.0 = Release|Any CPU
	EndGlobalSection
EndGlobal
